{
  "nodes": {
    "nanobuf-src": {
      "flake": false,
      "locked": {
        "lastModified": 1782284556,
        "narHash": "sha256-fSmTFYFx1nCVoe6WQHwSs9CjK0pohSdX0rYE/QH68DI=",
        "path": "/home/captainspark/Documents/Projects/nanobuf",
        "type": "path"
      },
      "original": {
        "path": "/home/captainspark/Documents/Projects/nanobuf",
        "type": "path"
      }
    },
    "nixpkgs": {
      "locked": {
        "lastModified": 1780749050,
        "narHash": "sha256-3av0pIjlOWQ6rDbNOmpUSvbNnJkGORQKKjb4LtCZsIY=",
        "owner": "NixOS",
        "repo": "nixpkgs",
        "rev": "a799d3e3886da994fa307f817a6bc705ae538eeb",
        "type": "github"
      },
      "original": {
        "owner": "NixOS",
        "ref": "nixos-unstable",
        "repo": "nixpkgs",
        "type": "github"
      }
    },
    "root": {
      "inputs": {
        "nanobuf-src": "nanobuf-src",
        "nixpkgs": "nixpkgs",
        "rx-src": "rx-src",
        "sse2neon-src": "sse2neon-src",
        "vma-src": "vma-src",
        "volk-src": "volk-src",
        "vulkan-headers-src": "vulkan-headers-src",
        "zetanet-src": "zetanet-src"
      }
    },
    "rx-src": {
      "flake": false,
      "locked": {
        "lastModified": 1783636570,
        "narHash": "sha256-dM0aURbyJ+LH5Ee0Ig1gMqwyCQzrDcYeWYCWWIx/Byk=",
        "path": "/home/captainspark/Documents/Projects/rx",
        "type": "path"
      },
      "original": {
        "path": "/home/captainspark/Documents/Projects/rx",
        "type": "path"
      }
    },
    "sse2neon-src": {
      "flake": false,
      "locked": {
        "lastModified": 1775761621,
        "narHash": "sha256-BAppx3NndGXbd2wU0+gNqsmiNtpwCYxWLgHBnzcWIt0=",
        "owner": "DLTcollab",
        "repo": "sse2neon",
        "rev": "3b70b3727edc9a151c113814129258c3423a771c",
        "type": "github"
      },
      "original": {
        "owner": "DLTcollab",
        "repo": "sse2neon",
        "type": "github"
      }
    },
    "vma-src": {
      "flake": false,
      "locked": {
        "lastModified": 1716812524,
        "narHash": "sha256-j0Z9OEwQx3RB2cni9eK3gYfwkhOc2ST213b6VseaVzg=",
        "owner": "GPUOpen-LibrariesAndSDKs",
        "repo": "VulkanMemoryAllocator",
        "rev": "009ecd192c1289c7529bff248a16cfe896254816",
        "type": "github"
      },
      "original": {
        "owner": "GPUOpen-LibrariesAndSDKs",
        "ref": "v3.1.0",
        "repo": "VulkanMemoryAllocator",
        "type": "github"
      }
    },
    "volk-src": {
      "flake": false,
      "locked": {
        "lastModified": 1734711344,
        "narHash": "sha256-+SLGRvCUKFntz60/xL/NjoFjvvATWMImR4CGnCHUj2o=",
        "owner": "zeux",
        "repo": "volk",
        "rev": "0b17a763ba5643e32da1b2152f8140461b3b7345",
        "type": "github"
      },
      "original": {
        "owner": "zeux",
        "ref": "1.4.304",
        "repo": "volk",
        "type": "github"
      }
    },
    "vulkan-headers-src": {
      "flake": false,
      "locked": {
        "lastModified": 1734673432,
        "narHash": "sha256-X6HqcZDZ4ZQGBG3PlSxi0mhmYyrjmJYwk/pJ/XBqEZU=",
        "owner": "KhronosGroup",
        "repo": "Vulkan-Headers",
        "rev": "d4a196d8c84e032d27f999adcea3075517c1c97f",
        "type": "github"
      },
      "original": {
        "owner": "KhronosGroup",
        "ref": "v1.4.304",
        "repo": "Vulkan-Headers",
        "type": "github"
      }
    },
    "zetanet-src": {
      "flake": false,
      "locked": {
        "lastModified": 1781183570,
        "narHash": "sha256-hBOOiMf7bZLSBM3qameQLP9Zqik2ECg2eKpAZFWztuA=",
        "path": "/home/captainspark/Documents/Projects/zetanet",
        "type": "path"
      },
      "original": {
        "path": "/home/captainspark/Documents/Projects/zetanet",
        "type": "path"
      }
    }
  },
  "root": "root",
  "version": 7
}
